GITHUBTARBALL
  remote: boxen/puppet-boxen
  specs:
    boxen (2.2.2)

GITHUBTARBALL
  remote: boxen/puppet-homebrew
  specs:
    homebrew (1.1.2)

GITHUBTARBALL
  remote: puppetlabs/puppetlabs-stdlib
  specs:
    stdlib (4.0.0)

DEPENDENCIES
  boxen (= 2.2.2)
  homebrew (= 1.1.2)
  stdlib (= 4.0.0)

