GITHUBTARBALL
  remote: boxen/puppet-boxen
  specs:
    boxen (3.11.0)

GITHUBTARBALL
  remote: boxen/puppet-homebrew
  specs:
    homebrew (1.13.0)

GITHUBTARBALL
  remote: puppetlabs/puppetlabs-stdlib
  specs:
    stdlib (4.9.0)

DEPENDENCIES
  boxen (= 3.11.0)
  homebrew (= 1.13.0)
  stdlib (= 4.9.0)

